
Microsoft Visual Studio Solution File, Format Version 12.00
# Visual Studio Version 17
VisualStudioVersion = 17.5.002.0
MinimumVisualStudioVersion = 10.0.40219.1
Project("{9A19103F-16F7-4668-BE54-9A1E7A4F7556}") = "frameconsole", "frameconsole.csproj", "{8386503E-07DA-4338-8D14-2257D8397AFA}"
EndProject
Global
	GlobalSection(SolutionConfigurationPlatforms) = preSolution
		Debug|Any CPU = Debug|Any CPU
		Release|Any CPU = Release|Any CPU
	EndGlobalSection
	GlobalSection(ProjectConfigurationPlatforms) = postSolution
		{8386503E-07DA-4338-8D14-2257D8397AFA}.Debug|Any CPU.ActiveCfg = Debug|Any CPU
		{8386503E-07DA-4338-8D14-2257D8397AFA}.Debug|Any CPU.Build.0 = Debug|Any CPU
		{8386503E-07DA-4338-8D14-2257D8397AFA}.Release|Any CPU.ActiveCfg = Release|Any CPU
		{8386503E-07DA-4338-8D14-2257D8397AFA}.Release|Any CPU.Build.0 = Release|Any CPU
	EndGlobalSection
	GlobalSection(SolutionProperties) = preSolution
		HideSolutionNode = FALSE
	EndGlobalSection
	GlobalSection(ExtensibilityGlobals) = postSolution
		SolutionGuid = {056BB253-10F3-4BF1-9430-7C430EF9562B}
	EndGlobalSection
EndGlobal
